// !$*UTF8*$!
{
	archiveVersion = 1;
	classes = {
	};
	objectVersion = 46;
	objects = {

/* Begin PBXBuildFile section */
		A52D7CC71EEE75690096D65E /* main.m in Sources */ = {isa = PBXBuildFile; fileRef = A52D7CC61EEE75690096D65E /* main.m */; };
		A52D7CCA1EEE75690096D65E /* AppDelegate.m in Sources */ = {isa = PBXBuildFile; fileRef = A52D7CC91EEE75690096D65E /* AppDelegate.m */; };
		A52D7CCD1EEE75690096D65E /* JController.m in Sources */ = {isa = PBXBuildFile; fileRef = A52D7CCC1EEE75690096D65E /* JController.m */; };
		A52D7CD01EEE75690096D65E /* Main.storyboard in Resources */ = {isa = PBXBuildFile; fileRef = A52D7CCE1EEE75690096D65E /* Main.storyboard */; };
		A52D7CD21EEE75690096D65E /* Assets.xcassets in Resources */ = {isa = PBXBuildFile; fileRef = A52D7CD11EEE75690096D65E /* Assets.xcassets */; };
		A52D7CD51EEE75690096D65E /* LaunchScreen.storyboard in Resources */ = {isa = PBXBuildFile; fileRef = A52D7CD31EEE75690096D65E /* LaunchScreen.storyboard */; };
		A52D7CE01EEE75690096D65E /* JCustomLabelTagTests.m in Sources */ = {isa = PBXBuildFile; fileRef = A52D7CDF1EEE75690096D65E /* JCustomLabelTagTests.m */; };
		A52D7CEB1EEE75690096D65E /* JCustomLabelTagUITests.m in Sources */ = {isa = PBXBuildFile; fileRef = A52D7CEA1EEE75690096D65E /* JCustomLabelTagUITests.m */; };
		A52D7CFA1EEE76570096D65E /* JLabelView.m in Sources */ = {isa = PBXBuildFile; fileRef = A52D7CF91EEE76570096D65E /* JLabelView.m */; };
		A52D7D0B1EEE8CFA0096D65E /* JAddLabelController.m in Sources */ = {isa = PBXBuildFile; fileRef = A52D7D0A1EEE8CFA0096D65E /* JAddLabelController.m */; };
		A5B078251EF01BAA0087C113 /* JAlertView.m in Sources */ = {isa = PBXBuildFile; fileRef = A5B078241EF01BAA0087C113 /* JAlertView.m */; };
		A5B078281EF022110087C113 /* JAlertModel.m in Sources */ = {isa = PBXBuildFile; fileRef = A5B078271EF022110087C113 /* JAlertModel.m */; };
		A5B078311EF1175D0087C113 /* text.txt in Resources */ = {isa = PBXBuildFile; fileRef = A5B078301EF1175D0087C113 /* text.txt */; };
		F5AF24100851E662E35B72C7 /* Pods_JCustomLabelTag.framework in Frameworks */ = {isa = PBXBuildFile; fileRef = 18787DB664133191ABBF1D8C /* Pods_JCustomLabelTag.framework */; };
/* End PBXBuildFile section */

/* Begin PBXContainerItemProxy section */
		A52D7CDC1EEE75690096D65E /* PBXContainerItemProxy */ = {
			isa = PBXContainerItemProxy;
			containerPortal = A52D7CBA1EEE75690096D65E /* Project object */;
			proxyType = 1;
			remoteGlobalIDString = A52D7CC11EEE75690096D65E;
			remoteInfo = JCustomLabelTag;
		};
		A52D7CE71EEE75690096D65E /* PBXContainerItemProxy */ = {
			isa = PBXContainerItemProxy;
			containerPortal = A52D7CBA1EEE75690096D65E /* Project object */;
			proxyType = 1;
			remoteGlobalIDString = A52D7CC11EEE75690096D65E;
			remoteInfo = JCustomLabelTag;
		};
/* End PBXContainerItemProxy section */

/* Begin PBXFileReference section */
		18787DB664133191ABBF1D8C /* Pods_JCustomLabelTag.framework */ = {isa = PBXFileReference; explicitFileType = wrapper.framework; includeInIndex = 0; path = Pods_JCustomLabelTag.framework; sourceTree = BUILT_PRODUCTS_DIR; };
		23FFB7ADCE873B8AF3213CEC /* Pods-JCustomLabelTag.release.xcconfig */ = {isa = PBXFileReference; includeInIndex = 1; lastKnownFileType = text.xcconfig; name = "Pods-JCustomLabelTag.release.xcconfig"; path = "Pods/Target Support Files/Pods-JCustomLabelTag/Pods-JCustomLabelTag.release.xcconfig"; sourceTree = "<group>"; };
		A52D7CC21EEE75690096D65E /* JCustomLabelTag.app */ = {isa = PBXFileReference; explicitFileType = wrapper.application; includeInIndex = 0; path = JCustomLabelTag.app; sourceTree = BUILT_PRODUCTS_DIR; };
		A52D7CC61EEE75690096D65E /* main.m */ = {isa = PBXFileReference; lastKnownFileType = sourcecode.c.objc; path = main.m; sourceTree = "<group>"; };
		A52D7CC81EEE75690096D65E /* AppDelegate.h */ = {isa = PBXFileReference; lastKnownFileType = sourcecode.c.h; path = AppDelegate.h; sourceTree = "<group>"; };
		A52D7CC91EEE75690096D65E /* AppDelegate.m */ = {isa = PBXFileReference; lastKnownFileType = sourcecode.c.objc; path = AppDelegate.m; sourceTree = "<group>"; };
		A52D7CCB1EEE75690096D65E /* JController.h */ = {isa = PBXFileReference; lastKnownFileType = sourcecode.c.h; path = JController.h; sourceTree = "<group>"; };
		A52D7CCC1EEE75690096D65E /* JController.m */ = {isa = PBXFileReference; lastKnownFileType = sourcecode.c.objc; path = JController.m; sourceTree = "<group>"; };
		A52D7CCF1EEE75690096D65E /* Base */ = {isa = PBXFileReference; lastKnownFileType = file.storyboard; name = Base; path = Base.lproj/Main.storyboard; sourceTree = "<group>"; };
		A52D7CD11EEE75690096D65E /* Assets.xcassets */ = {isa = PBXFileReference; lastKnownFileType = folder.assetcatalog; path = Assets.xcassets; sourceTree = "<group>"; };
		A52D7CD41EEE75690096D65E /* Base */ = {isa = PBXFileReference; lastKnownFileType = file.storyboard; name = Base; path = Base.lproj/LaunchScreen.storyboard; sourceTree = "<group>"; };
		A52D7CD61EEE75690096D65E /* Info.plist */ = {isa = PBXFileReference; lastKnownFileType = text.plist.xml; path = Info.plist; sourceTree = "<group>"; };
		A52D7CDB1EEE75690096D65E /* JCustomLabelTagTests.xctest */ = {isa = PBXFileReference; explicitFileType = wrapper.cfbundle; includeInIndex = 0; path = JCustomLabelTagTests.xctest; sourceTree = BUILT_PRODUCTS_DIR; };
		A52D7CDF1EEE75690096D65E /* JCustomLabelTagTests.m */ = {isa = PBXFileReference; lastKnownFileType = sourcecode.c.objc; path = JCustomLabelTagTests.m; sourceTree = "<group>"; };
		A52D7CE11EEE75690096D65E /* Info.plist */ = {isa = PBXFileReference; lastKnownFileType = text.plist.xml; path = Info.plist; sourceTree = "<group>"; };
		A52D7CE61EEE75690096D65E /* JCustomLabelTagUITests.xctest */ = {isa = PBXFileReference; explicitFileType = wrapper.cfbundle; includeInIndex = 0; path = JCustomLabelTagUITests.xctest; sourceTree = BUILT_PRODUCTS_DIR; };
		A52D7CEA1EEE75690096D65E /* JCustomLabelTagUITests.m */ = {isa = PBXFileReference; lastKnownFileType = sourcecode.c.objc; path = JCustomLabelTagUITests.m; sourceTree = "<group>"; };
		A52D7CEC1EEE75690096D65E /* Info.plist */ = {isa = PBXFileReference; lastKnownFileType = text.plist.xml; path = Info.plist; sourceTree = "<group>"; };
		A52D7CF81EEE76570096D65E /* JLabelView.h */ = {isa = PBXFileReference; fileEncoding = 4; lastKnownFileType = sourcecode.c.h; path = JLabelView.h; sourceTree = "<group>"; };
		A52D7CF91EEE76570096D65E /* JLabelView.m */ = {isa = PBXFileReference; fileEncoding = 4; lastKnownFileType = sourcecode.c.objc; path = JLabelView.m; sourceTree = "<group>"; };
		A52D7D021EEE81FB0096D65E /* PrefixHeader.pch */ = {isa = PBXFileReference; fileEncoding = 4; lastKnownFileType = sourcecode.c.h; path = PrefixHeader.pch; sourceTree = "<group>"; };
		A52D7D091EEE8CFA0096D65E /* JAddLabelController.h */ = {isa = PBXFileReference; fileEncoding = 4; lastKnownFileType = sourcecode.c.h; path = JAddLabelController.h; sourceTree = "<group>"; };
		A52D7D0A1EEE8CFA0096D65E /* JAddLabelController.m */ = {isa = PBXFileReference; fileEncoding = 4; lastKnownFileType = sourcecode.c.objc; path = JAddLabelController.m; sourceTree = "<group>"; };
		A5B078231EF01BAA0087C113 /* JAlertView.h */ = {isa = PBXFileReference; fileEncoding = 4; lastKnownFileType = sourcecode.c.h; path = JAlertView.h; sourceTree = "<group>"; };
		A5B078241EF01BAA0087C113 /* JAlertView.m */ = {isa = PBXFileReference; fileEncoding = 4; lastKnownFileType = sourcecode.c.objc; path = JAlertView.m; sourceTree = "<group>"; };
		A5B078261EF022110087C113 /* JAlertModel.h */ = {isa = PBXFileReference; fileEncoding = 4; lastKnownFileType = sourcecode.c.h; path = JAlertModel.h; sourceTree = "<group>"; };
		A5B078271EF022110087C113 /* JAlertModel.m */ = {isa = PBXFileReference; fileEncoding = 4; lastKnownFileType = sourcecode.c.objc; path = JAlertModel.m; sourceTree = "<group>"; };
		A5B078301EF1175D0087C113 /* text.txt */ = {isa = PBXFileReference; fileEncoding = 4; lastKnownFileType = text; path = text.txt; sourceTree = "<group>"; };
		EB9C8784598587E80D47E0EF /* Pods-JCustomLabelTag.debug.xcconfig */ = {isa = PBXFileReference; includeInIndex = 1; lastKnownFileType = text.xcconfig; name = "Pods-JCustomLabelTag.debug.xcconfig"; path = "Pods/Target Support Files/Pods-JCustomLabelTag/Pods-JCustomLabelTag.debug.xcconfig"; sourceTree = "<group>"; };
/* End PBXFileReference section */

/* Begin PBXFrameworksBuildPhase section */
		A52D7CBF1EEE75690096D65E /* Frameworks */ = {
			isa = PBXFrameworksBuildPhase;
			buildActionMask = 2147483647;
			files = (
				F5AF24100851E662E35B72C7 /* Pods_JCustomLabelTag.framework in Frameworks */,
			);
			runOnlyForDeploymentPostprocessing = 0;
		};
		A52D7CD81EEE75690096D65E /* Frameworks */ = {
			isa = PBXFrameworksBuildPhase;
			buildActionMask = 2147483647;
			files = (
			);
			runOnlyForDeploymentPostprocessing = 0;
		};
		A52D7CE31EEE75690096D65E /* Frameworks */ = {
			isa = PBXFrameworksBuildPhase;
			buildActionMask = 2147483647;
			files = (
			);
			runOnlyForDeploymentPostprocessing = 0;
		};
/* End PBXFrameworksBuildPhase section */

/* Begin PBXGroup section */
		8BFD832CE627DB9807C3FB23 /* Pods */ = {
			isa = PBXGroup;
			children = (
				EB9C8784598587E80D47E0EF /* Pods-JCustomLabelTag.debug.xcconfig */,
				23FFB7ADCE873B8AF3213CEC /* Pods-JCustomLabelTag.release.xcconfig */,
			);
			name = Pods;
			sourceTree = "<group>";
		};
		A52D7CB91EEE75690096D65E = {
			isa = PBXGroup;
			children = (
				A52D7CC41EEE75690096D65E /* JCustomLabelTag */,
				A52D7CDE1EEE75690096D65E /* JCustomLabelTagTests */,
				A52D7CE91EEE75690096D65E /* JCustomLabelTagUITests */,
				A52D7CC31EEE75690096D65E /* Products */,
				8BFD832CE627DB9807C3FB23 /* Pods */,
				DAC38282BFF5DB32A28661E0 /* Frameworks */,
			);
			sourceTree = "<group>";
		};
		A52D7CC31EEE75690096D65E /* Products */ = {
			isa = PBXGroup;
			children = (
				A52D7CC21EEE75690096D65E /* JCustomLabelTag.app */,
				A52D7CDB1EEE75690096D65E /* JCustomLabelTagTests.xctest */,
				A52D7CE61EEE75690096D65E /* JCustomLabelTagUITests.xctest */,
			);
			name = Products;
			sourceTree = "<group>";
		};
		A52D7CC41EEE75690096D65E /* JCustomLabelTag */ = {
			isa = PBXGroup;
			children = (
				A5B0782B1EF0292C0087C113 /* model */,
				A5B0782A1EF0292A0087C113 /* view */,
				A5B078291EF029250087C113 /* controller */,
				A52D7CC81EEE75690096D65E /* AppDelegate.h */,
				A52D7CC91EEE75690096D65E /* AppDelegate.m */,
				A52D7D021EEE81FB0096D65E /* PrefixHeader.pch */,
				A52D7CCE1EEE75690096D65E /* Main.storyboard */,
				A52D7CD11EEE75690096D65E /* Assets.xcassets */,
				A52D7CD31EEE75690096D65E /* LaunchScreen.storyboard */,
				A52D7CD61EEE75690096D65E /* Info.plist */,
				A52D7CC51EEE75690096D65E /* Supporting Files */,
			);
			path = JCustomLabelTag;
			sourceTree = "<group>";
		};
		A52D7CC51EEE75690096D65E /* Supporting Files */ = {
			isa = PBXGroup;
			children = (
				A52D7CC61EEE75690096D65E /* main.m */,
			);
			name = "Supporting Files";
			sourceTree = "<group>";
		};
		A52D7CDE1EEE75690096D65E /* JCustomLabelTagTests */ = {
			isa = PBXGroup;
			children = (
				A52D7CDF1EEE75690096D65E /* JCustomLabelTagTests.m */,
				A52D7CE11EEE75690096D65E /* Info.plist */,
			);
			path = JCustomLabelTagTests;
			sourceTree = "<group>";
		};
		A52D7CE91EEE75690096D65E /* JCustomLabelTagUITests */ = {
			isa = PBXGroup;
			children = (
				A52D7CEA1EEE75690096D65E /* JCustomLabelTagUITests.m */,
				A52D7CEC1EEE75690096D65E /* Info.plist */,
			);
			path = JCustomLabelTagUITests;
			sourceTree = "<group>";
		};
		A5B078291EF029250087C113 /* controller */ = {
			isa = PBXGroup;
			children = (
				A52D7CCB1EEE75690096D65E /* JController.h */,
				A52D7CCC1EEE75690096D65E /* JController.m */,
				A52D7D091EEE8CFA0096D65E /* JAddLabelController.h */,
				A52D7D0A1EEE8CFA0096D65E /* JAddLabelController.m */,
			);
			name = controller;
			sourceTree = "<group>";
		};
		A5B0782A1EF0292A0087C113 /* view */ = {
			isa = PBXGroup;
			children = (
				A52D7CF81EEE76570096D65E /* JLabelView.h */,
				A52D7CF91EEE76570096D65E /* JLabelView.m */,
				A5B078231EF01BAA0087C113 /* JAlertView.h */,
				A5B078241EF01BAA0087C113 /* JAlertView.m */,
			);
			name = view;
			sourceTree = "<group>";
		};
		A5B0782B1EF0292C0087C113 /* model */ = {
			isa = PBXGroup;
			children = (
				A5B078261EF022110087C113 /* JAlertModel.h */,
				A5B078271EF022110087C113 /* JAlertModel.m */,
				A5B078301EF1175D0087C113 /* text.txt */,
			);
			name = model;
			sourceTree = "<group>";
		};
		DAC38282BFF5DB32A28661E0 /* Frameworks */ = {
			isa = PBXGroup;
			children = (
				18787DB664133191ABBF1D8C /* Pods_JCustomLabelTag.framework */,
			);
			name = Frameworks;
			sourceTree = "<group>";
		};
/* End PBXGroup section */

/* Begin PBXNativeTarget section */
		A52D7CC11EEE75690096D65E /* JCustomLabelTag */ = {
			isa = PBXNativeTarget;
			buildConfigurationList = A52D7CEF1EEE75690096D65E /* Build configuration list for PBXNativeTarget "JCustomLabelTag" */;
			buildPhases = (
				91CED712B09DEC18E710D0DF /* [CP] Check Pods Manifest.lock */,
				A52D7CBE1EEE75690096D65E /* Sources */,
				A52D7CBF1EEE75690096D65E /* Frameworks */,
				A52D7CC01EEE75690096D65E /* Resources */,
				C77E413878A01CB542820DF1 /* [CP] Embed Pods Frameworks */,
				3186546F320F7EC381AB84F2 /* [CP] Copy Pods Resources */,
			);
			buildRules = (
			);
			dependencies = (
			);
			name = JCustomLabelTag;
			productName = JCustomLabelTag;
			productReference = A52D7CC21EEE75690096D65E /* JCustomLabelTag.app */;
			productType = "com.apple.product-type.application";
		};
		A52D7CDA1EEE75690096D65E /* JCustomLabelTagTests */ = {
			isa = PBXNativeTarget;
			buildConfigurationList = A52D7CF21EEE75690096D65E /* Build configuration list for PBXNativeTarget "JCustomLabelTagTests" */;
			buildPhases = (
				A52D7CD71EEE75690096D65E /* Sources */,
				A52D7CD81EEE75690096D65E /* Frameworks */,
				A52D7CD91EEE75690096D65E /* Resources */,
			);
			buildRules = (
			);
			dependencies = (
				A52D7CDD1EEE75690096D65E /* PBXTargetDependency */,
			);
			name = JCustomLabelTagTests;
			productName = JCustomLabelTagTests;
			productReference = A52D7CDB1EEE75690096D65E /* JCustomLabelTagTests.xctest */;
			productType = "com.apple.product-type.bundle.unit-test";
		};
		A52D7CE51EEE75690096D65E /* JCustomLabelTagUITests */ = {
			isa = PBXNativeTarget;
			buildConfigurationList = A52D7CF51EEE75690096D65E /* Build configuration list for PBXNativeTarget "JCustomLabelTagUITests" */;
			buildPhases = (
				A52D7CE21EEE75690096D65E /* Sources */,
				A52D7CE31EEE75690096D65E /* Frameworks */,
				A52D7CE41EEE75690096D65E /* Resources */,
			);
			buildRules = (
			);
			dependencies = (
				A52D7CE81EEE75690096D65E /* PBXTargetDependency */,
			);
			name = JCustomLabelTagUITests;
			productName = JCustomLabelTagUITests;
			productReference = A52D7CE61EEE75690096D65E /* JCustomLabelTagUITests.xctest */;
			productType = "com.apple.product-type.bundle.ui-testing";
		};
/* End PBXNativeTarget section */

/* Begin PBXProject section */
		A52D7CBA1EEE75690096D65E /* Project object */ = {
			isa = PBXProject;
			attributes = {
				LastUpgradeCheck = 0830;
				ORGANIZATIONNAME = juju;
				TargetAttributes = {
					A52D7CC11EEE75690096D65E = {
						CreatedOnToolsVersion = 8.3.2;
						DevelopmentTeam = Q27ZRZ24S6;
						ProvisioningStyle = Automatic;
					};
					A52D7CDA1EEE75690096D65E = {
						CreatedOnToolsVersion = 8.3.2;
						DevelopmentTeam = Q27ZRZ24S6;
						ProvisioningStyle = Automatic;
						TestTargetID = A52D7CC11EEE75690096D65E;
					};
					A52D7CE51EEE75690096D65E = {
						CreatedOnToolsVersion = 8.3.2;
						DevelopmentTeam = Q27ZRZ24S6;
						ProvisioningStyle = Automatic;
						TestTargetID = A52D7CC11EEE75690096D65E;
					};
				};
			};
			buildConfigurationList = A52D7CBD1EEE75690096D65E /* Build configuration list for PBXProject "JCustomLabelTag" */;
			compatibilityVersion = "Xcode 3.2";
			developmentRegion = English;
			hasScannedForEncodings = 0;
			knownRegions = (
				en,
				Base,
			);
			mainGroup = A52D7CB91EEE75690096D65E;
			productRefGroup = A52D7CC31EEE75690096D65E /* Products */;
			projectDirPath = "";
			projectRoot = "";
			targets = (
				A52D7CC11EEE75690096D65E /* JCustomLabelTag */,
				A52D7CDA1EEE75690096D65E /* JCustomLabelTagTests */,
				A52D7CE51EEE75690096D65E /* JCustomLabelTagUITests */,
			);
		};
/* End PBXProject section */

/* Begin PBXResourcesBuildPhase section */
		A52D7CC01EEE75690096D65E /* Resources */ = {
			isa = PBXResourcesBuildPhase;
			buildActionMask = 2147483647;
			files = (
				A52D7CD51EEE75690096D65E /* LaunchScreen.storyboard in Resources */,
				A52D7CD21EEE75690096D65E /* Assets.xcassets in Resources */,
				A52D7CD01EEE75690096D65E /* Main.storyboard in Resources */,
				A5B078311EF1175D0087C113 /* text.txt in Resources */,
			);
			runOnlyForDeploymentPostprocessing = 0;
		};
		A52D7CD91EEE75690096D65E /* Resources */ = {
			isa = PBXResourcesBuildPhase;
			buildActionMask = 2147483647;
			files = (
			);
			runOnlyForDeploymentPostprocessing = 0;
		};
		A52D7CE41EEE75690096D65E /* Resources */ = {
			isa = PBXResourcesBuildPhase;
			buildActionMask = 2147483647;
			files = (
			);
			runOnlyForDeploymentPostprocessing = 0;
		};
/* End PBXResourcesBuildPhase section */

/* Begin PBXShellScriptBuildPhase section */
		3186546F320F7EC381AB84F2 /* [CP] Copy Pods Resources */ = {
			isa = PBXShellScriptBuildPhase;
			buildActionMask = 2147483647;
			files = (
			);
			inputPaths = (
			);
			name = "[CP] Copy Pods Resources";
			outputPaths = (
			);
			runOnlyForDeploymentPostprocessing = 0;
			shellPath = /bin/sh;
			shellScript = "\"${SRCROOT}/Pods/Target Support Files/Pods-JCustomLabelTag/Pods-JCustomLabelTag-resources.sh\"\n";
			showEnvVarsInLog = 0;
		};
		91CED712B09DEC18E710D0DF /* [CP] Check Pods Manifest.lock */ = {
			isa = PBXShellScriptBuildPhase;
			buildActionMask = 2147483647;
			files = (
			);
			inputPaths = (
			);
			name = "[CP] Check Pods Manifest.lock";
			outputPaths = (
			);
			runOnlyForDeploymentPostprocessing = 0;
			shellPath = /bin/sh;
			shellScript = "diff \"${PODS_ROOT}/../Podfile.lock\" \"${PODS_ROOT}/Manifest.lock\" > /dev/null\nif [ $? != 0 ] ; then\n    # print error to STDERR\n    echo \"error: The sandbox is not in sync with the Podfile.lock. Run 'pod install' or update your CocoaPods installation.\" >&2\n    exit 1\nfi\n";
			showEnvVarsInLog = 0;
		};
		C77E413878A01CB542820DF1 /* [CP] Embed Pods Frameworks */ = {
			isa = PBXShellScriptBuildPhase;
			buildActionMask = 2147483647;
			files = (
			);
			inputPaths = (
			);
			name = "[CP] Embed Pods Frameworks";
			outputPaths = (
			);
			runOnlyForDeploymentPostprocessing = 0;
			shellPath = /bin/sh;
			shellScript = "\"${SRCROOT}/Pods/Target Support Files/Pods-JCustomLabelTag/Pods-JCustomLabelTag-frameworks.sh\"\n";
			showEnvVarsInLog = 0;
		};
/* End PBXShellScriptBuildPhase section */

/* Begin PBXSourcesBuildPhase section */
		A52D7CBE1EEE75690096D65E /* Sources */ = {
			isa = PBXSourcesBuildPhase;
			buildActionMask = 2147483647;
			files = (
				A5B078251EF01BAA0087C113 /* JAlertView.m in Sources */,
				A5B078281EF022110087C113 /* JAlertModel.m in Sources */,
				A52D7CFA1EEE76570096D65E /* JLabelView.m in Sources */,
				A52D7D0B1EEE8CFA0096D65E /* JAddLabelController.m in Sources */,
				A52D7CCD1EEE75690096D65E /* JController.m in Sources */,
				A52D7CCA1EEE75690096D65E /* AppDelegate.m in Sources */,
				A52D7CC71EEE75690096D65E /* main.m in Sources */,
			);
			runOnlyForDeploymentPostprocessing = 0;
		};
		A52D7CD71EEE75690096D65E /* Sources */ = {
			isa = PBXSourcesBuildPhase;
			buildActionMask = 2147483647;
			files = (
				A52D7CE01EEE75690096D65E /* JCustomLabelTagTests.m in Sources */,
			);
			runOnlyForDeploymentPostprocessing = 0;
		};
		A52D7CE21EEE75690096D65E /* Sources */ = {
			isa = PBXSourcesBuildPhase;
			buildActionMask = 2147483647;
			files = (
				A52D7CEB1EEE75690096D65E /* JCustomLabelTagUITests.m in Sources */,
			);
			runOnlyForDeploymentPostprocessing = 0;
		};
/* End PBXSourcesBuildPhase section */

/* Begin PBXTargetDependency section */
		A52D7CDD1EEE75690096D65E /* PBXTargetDependency */ = {
			isa = PBXTargetDependency;
			target = A52D7CC11EEE75690096D65E /* JCustomLabelTag */;
			targetProxy = A52D7CDC1EEE75690096D65E /* PBXContainerItemProxy */;
		};
		A52D7CE81EEE75690096D65E /* PBXTargetDependency */ = {
			isa = PBXTargetDependency;
			target = A52D7CC11EEE75690096D65E /* JCustomLabelTag */;
			targetProxy = A52D7CE71EEE75690096D65E /* PBXContainerItemProxy */;
		};
/* End PBXTargetDependency section */

/* Begin PBXVariantGroup section */
		A52D7CCE1EEE75690096D65E /* Main.storyboard */ = {
			isa = PBXVariantGroup;
			children = (
				A52D7CCF1EEE75690096D65E /* Base */,
			);
			name = Main.storyboard;
			sourceTree = "<group>";
		};
		A52D7CD31EEE75690096D65E /* LaunchScreen.storyboard */ = {
			isa = PBXVariantGroup;
			children = (
				A52D7CD41EEE75690096D65E /* Base */,
			);
			name = LaunchScreen.storyboard;
			sourceTree = "<group>";
		};
/* End PBXVariantGroup section */

/* Begin XCBuildConfiguration section */
		A52D7CED1EEE75690096D65E /* Debug */ = {
			isa = XCBuildConfiguration;
			buildSettings = {
				ALWAYS_SEARCH_USER_PATHS = NO;
				CLANG_ANALYZER_NONNULL = YES;
				CLANG_ANALYZER_NUMBER_OBJECT_CONVERSION = YES_AGGRESSIVE;
				CLANG_CXX_LANGUAGE_STANDARD = "gnu++0x";
				CLANG_CXX_LIBRARY = "libc++";
				CLANG_ENABLE_MODULES = YES;
				CLANG_ENABLE_OBJC_ARC = YES;
				CLANG_WARN_BOOL_CONVERSION = YES;
				CLANG_WARN_CONSTANT_CONVERSION = YES;
				CLANG_WARN_DIRECT_OBJC_ISA_USAGE = YES_ERROR;
				CLANG_WARN_DOCUMENTATION_COMMENTS = YES;
				CLANG_WARN_EMPTY_BODY = YES;
				CLANG_WARN_ENUM_CONVERSION = YES;
				CLANG_WARN_INFINITE_RECURSION = YES;
				CLANG_WARN_INT_CONVERSION = YES;
				CLANG_WARN_OBJC_ROOT_CLASS = YES_ERROR;
				CLANG_WARN_SUSPICIOUS_MOVE = YES;
				CLANG_WARN_UNREACHABLE_CODE = YES;
				CLANG_WARN__DUPLICATE_METHOD_MATCH = YES;
				"CODE_SIGN_IDENTITY[sdk=iphoneos*]" = "iPhone Developer";
				COPY_PHASE_STRIP = NO;
				DEBUG_INFORMATION_FORMAT = dwarf;
				ENABLE_STRICT_OBJC_MSGSEND = YES;
				ENABLE_TESTABILITY = YES;
				GCC_C_LANGUAGE_STANDARD = gnu99;
				GCC_DYNAMIC_NO_PIC = NO;
				GCC_NO_COMMON_BLOCKS = YES;
				GCC_OPTIMIZATION_LEVEL = 0;
				GCC_PREPROCESSOR_DEFINITIONS = (
					"DEBUG=1",
					"$(inherited)",
				);
				GCC_WARN_64_TO_32_BIT_CONVERSION = YES;
				GCC_WARN_ABOUT_RETURN_TYPE = YES_ERROR;
				GCC_WARN_UNDECLARED_SELECTOR = YES;
				GCC_WARN_UNINITIALIZED_AUTOS = YES_AGGRESSIVE;
				GCC_WARN_UNUSED_FUNCTION = YES;
				GCC_WARN_UNUSED_VARIABLE = YES;
				IPHONEOS_DEPLOYMENT_TARGET = 10.3;
				MTL_ENABLE_DEBUG_INFO = YES;
				ONLY_ACTIVE_ARCH = YES;
				SDKROOT = iphoneos;
			};
			name = Debug;
		};
		A52D7CEE1EEE75690096D65E /* Release */ = {
			isa = XCBuildConfiguration;
			buildSettings = {
				ALWAYS_SEARCH_USER_PATHS = NO;
				CLANG_ANALYZER_NONNULL = YES;
				CLANG_ANALYZER_NUMBER_OBJECT_CONVERSION = YES_AGGRESSIVE;
				CLANG_CXX_LANGUAGE_STANDARD = "gnu++0x";
				CLANG_CXX_LIBRARY = "libc++";
				CLANG_ENABLE_MODULES = YES;
				CLANG_ENABLE_OBJC_ARC = YES;
				CLANG_WARN_BOOL_CONVERSION = YES;
				CLANG_WARN_CONSTANT_CONVERSION = YES;
				CLANG_WARN_DIRECT_OBJC_ISA_USAGE = YES_ERROR;
				CLANG_WARN_DOCUMENTATION_COMMENTS = YES;
				CLANG_WARN_EMPTY_BODY = YES;
				CLANG_WARN_ENUM_CONVERSION = YES;
				CLANG_WARN_INFINITE_RECURSION = YES;
				CLANG_WARN_INT_CONVERSION = YES;
				CLANG_WARN_OBJC_ROOT_CLASS = YES_ERROR;
				CLANG_WARN_SUSPICIOUS_MOVE = YES;
				CLANG_WARN_UNREACHABLE_CODE = YES;
				CLANG_WARN__DUPLICATE_METHOD_MATCH = YES;
				"CODE_SIGN_IDENTITY[sdk=iphoneos*]" = "iPhone Developer";
				COPY_PHASE_STRIP = NO;
				DEBUG_INFORMATION_FORMAT = "dwarf-with-dsym";
				ENABLE_NS_ASSERTIONS = NO;
				ENABLE_STRICT_OBJC_MSGSEND = YES;
				GCC_C_LANGUAGE_STANDARD = gnu99;
				GCC_NO_COMMON_BLOCKS = YES;
				GCC_WARN_64_TO_32_BIT_CONVERSION = YES;
				GCC_WARN_ABOUT_RETURN_TYPE = YES_ERROR;
				GCC_WARN_UNDECLARED_SELECTOR = YES;
				GCC_WARN_UNINITIALIZED_AUTOS = YES_AGGRESSIVE;
				GCC_WARN_UNUSED_FUNCTION = YES;
				GCC_WARN_UNUSED_VARIABLE = YES;
				IPHONEOS_DEPLOYMENT_TARGET = 10.3;
				MTL_ENABLE_DEBUG_INFO = NO;
				SDKROOT = iphoneos;
				VALIDATE_PRODUCT = YES;
			};
			name = Release;
		};
		A52D7CF01EEE75690096D65E /* Debug */ = {
			isa = XCBuildConfiguration;
			baseConfigurationReference = EB9C8784598587E80D47E0EF /* Pods-JCustomLabelTag.debug.xcconfig */;
			buildSettings = {
				ASSETCATALOG_COMPILER_APPICON_NAME = AppIcon;
				DEVELOPMENT_TEAM = Q27ZRZ24S6;
				GCC_PREFIX_HEADER = JCustomLabelTag/PrefixHeader.pch;
				INFOPLIST_FILE = JCustomLabelTag/Info.plist;
				LD_RUNPATH_SEARCH_PATHS = "$(inherited) @executable_path/Frameworks";
				PRODUCT_BUNDLE_IDENTIFIER = juju.JCustomLabelTag;
				PRODUCT_NAME = "$(TARGET_NAME)";
				USER_HEADER_SEARCH_PATHS = "$(PODS_ROOT)/**";
			};
			name = Debug;
		};
		A52D7CF11EEE75690096D65E /* Release */ = {
			isa = XCBuildConfiguration;
			baseConfigurationReference = 23FFB7ADCE873B8AF3213CEC /* Pods-JCustomLabelTag.release.xcconfig */;
			buildSettings = {
				ASSETCATALOG_COMPILER_APPICON_NAME = AppIcon;
				DEVELOPMENT_TEAM = Q27ZRZ24S6;
				GCC_PREFIX_HEADER = JCustomLabelTag/PrefixHeader.pch;
				INFOPLIST_FILE = JCustomLabelTag/Info.plist;
				LD_RUNPATH_SEARCH_PATHS = "$(inherited) @executable_path/Frameworks";
				PRODUCT_BUNDLE_IDENTIFIER = juju.JCustomLabelTag;
				PRODUCT_NAME = "$(TARGET_NAME)";
				USER_HEADER_SEARCH_PATHS = "$(PODS_ROOT)/**";
			};
			name = Release;
		};
		A52D7CF31EEE75690096D65E /* Debug */ = {
			isa = XCBuildConfiguration;
			buildSettings = {
				BUNDLE_LOADER = "$(TEST_HOST)";
				DEVELOPMENT_TEAM = Q27ZRZ24S6;
				INFOPLIST_FILE = JCustomLabelTagTests/Info.plist;
				LD_RUNPATH_SEARCH_PATHS = "$(inherited) @executable_path/Frameworks @loader_path/Frameworks";
				PRODUCT_BUNDLE_IDENTIFIER = juju.JCustomLabelTagTests;
				PRODUCT_NAME = "$(TARGET_NAME)";
				TEST_HOST = "$(BUILT_PRODUCTS_DIR)/JCustomLabelTag.app/JCustomLabelTag";
			};
			name = Debug;
		};
		A52D7CF41EEE75690096D65E /* Release */ = {
			isa = XCBuildConfiguration;
			buildSettings = {
				BUNDLE_LOADER = "$(TEST_HOST)";
				DEVELOPMENT_TEAM = Q27ZRZ24S6;
				INFOPLIST_FILE = JCustomLabelTagTests/Info.plist;
				LD_RUNPATH_SEARCH_PATHS = "$(inherited) @executable_path/Frameworks @loader_path/Frameworks";
				PRODUCT_BUNDLE_IDENTIFIER = juju.JCustomLabelTagTests;
				PRODUCT_NAME = "$(TARGET_NAME)";
				TEST_HOST = "$(BUILT_PRODUCTS_DIR)/JCustomLabelTag.app/JCustomLabelTag";
			};
			name = Release;
		};
		A52D7CF61EEE75690096D65E /* Debug */ = {
			isa = XCBuildConfiguration;
			buildSettings = {
				DEVELOPMENT_TEAM = Q27ZRZ24S6;
				INFOPLIST_FILE = JCustomLabelTagUITests/Info.plist;
				LD_RUNPATH_SEARCH_PATHS = "$(inherited) @executable_path/Frameworks @loader_path/Frameworks";
				PRODUCT_BUNDLE_IDENTIFIER = juju.JCustomLabelTagUITests;
				PRODUCT_NAME = "$(TARGET_NAME)";
				TEST_TARGET_NAME = JCustomLabelTag;
			};
			name = Debug;
		};
		A52D7CF71EEE75690096D65E /* Release */ = {
			isa = XCBuildConfiguration;
			buildSettings = {
				DEVELOPMENT_TEAM = Q27ZRZ24S6;
				INFOPLIST_FILE = JCustomLabelTagUITests/Info.plist;
				LD_RUNPATH_SEARCH_PATHS = "$(inherited) @executable_path/Frameworks @loader_path/Frameworks";
				PRODUCT_BUNDLE_IDENTIFIER = juju.JCustomLabelTagUITests;
				PRODUCT_NAME = "$(TARGET_NAME)";
				TEST_TARGET_NAME = JCustomLabelTag;
			};
			name = Release;
		};
/* End XCBuildConfiguration section */

/* Begin XCConfigurationList section */
		A52D7CBD1EEE75690096D65E /* Build configuration list for PBXProject "JCustomLabelTag" */ = {
			isa = XCConfigurationList;
			buildConfigurations = (
				A52D7CED1EEE75690096D65E /* Debug */,
				A52D7CEE1EEE75690096D65E /* Release */,
			);
			defaultConfigurationIsVisible = 0;
			defaultConfigurationName = Release;
		};
		A52D7CEF1EEE75690096D65E /* Build configuration list for PBXNativeTarget "JCustomLabelTag" */ = {
			isa = XCConfigurationList;
			buildConfigurations = (
				A52D7CF01EEE75690096D65E /* Debug */,
				A52D7CF11EEE75690096D65E /* Release */,
			);
			defaultConfigurationIsVisible = 0;
			defaultConfigurationName = Release;
		};
		A52D7CF21EEE75690096D65E /* Build configuration list for PBXNativeTarget "JCustomLabelTagTests" */ = {
			isa = XCConfigurationList;
			buildConfigurations = (
				A52D7CF31EEE75690096D65E /* Debug */,
				A52D7CF41EEE75690096D65E /* Release */,
			);
			defaultConfigurationIsVisible = 0;
			defaultConfigurationName = Release;
		};
		A52D7CF51EEE75690096D65E /* Build configuration list for PBXNativeTarget "JCustomLabelTagUITests" */ = {
			isa = XCConfigurationList;
			buildConfigurations = (
				A52D7CF61EEE75690096D65E /* Debug */,
				A52D7CF71EEE75690096D65E /* Release */,
			);
			defaultConfigurationIsVisible = 0;
			defaultConfigurationName = Release;
		};
/* End XCConfigurationList section */
	};
	rootObject = A52D7CBA1EEE75690096D65E /* Project object */;
}
